
Microsoft Visual Studio Solution File, Format Version 12.00
# Visual Studio Version 16
VisualStudioVersion = 16.0.31424.327
MinimumVisualStudioVersion = 10.0.40219.1
Project("{8BC9CEB8-8B4A-11D0-8D11-00A0C91BC942}") = "PNoise_Map_Generator", "PNoise_Map_Generator\PNoise_Map_Generator.vcxproj", "{C973BE54-5433-4DCF-A619-6C46AE8A4463}"
EndProject
Global
	GlobalSection(SolutionConfigurationPlatforms) = preSolution
		Debug|x64 = Debug|x64
		Debug|x86 = Debug|x86
		Release|x64 = Release|x64
		Release|x86 = Release|x86
	EndGlobalSection
	GlobalSection(ProjectConfigurationPlatforms) = postSolution
		{C973BE54-5433-4DCF-A619-6C46AE8A4463}.Debug|x64.ActiveCfg = Debug|x64
		{C973BE54-5433-4DCF-A619-6C46AE8A4463}.Debug|x64.Build.0 = Debug|x64
		{C973BE54-5433-4DCF-A619-6C46AE8A4463}.Debug|x86.ActiveCfg = Debug|Win32
		{C973BE54-5433-4DCF-A619-6C46AE8A4463}.Debug|x86.Build.0 = Debug|Win32
		{C973BE54-5433-4DCF-A619-6C46AE8A4463}.Release|x64.ActiveCfg = Release|x64
		{C973BE54-5433-4DCF-A619-6C46AE8A4463}.Release|x64.Build.0 = Release|x64
		{C973BE54-5433-4DCF-A619-6C46AE8A4463}.Release|x86.ActiveCfg = Release|Win32
		{C973BE54-5433-4DCF-A619-6C46AE8A4463}.Release|x86.Build.0 = Release|Win32
	EndGlobalSection
	GlobalSection(SolutionProperties) = preSolution
		HideSolutionNode = FALSE
	EndGlobalSection
	GlobalSection(ExtensibilityGlobals) = postSolution
		SolutionGuid = {2036BE2B-2F73-4F7E-A642-4C3A031FB111}
	EndGlobalSection
EndGlobal
